# This file is automatically @generated by Poetry and should not be changed by hand.

[[package]]
name = "attrs"
version = "22.2.0"
description = "Classes Without Boilerplate"
category = "dev"
optional = false
python-versions = ">=3.6"
files = [
    {file = "attrs-22.2.0-py3-none-any.whl", hash = "sha256:29e95c7f6778868dbd49170f98f8818f78f3dc5e0e37c0b1f474e3561b240836"},
    {file = "attrs-22.2.0.tar.gz", hash = "sha256:c9227bfc2f01993c03f68db37d1d15c9690188323c067c641f1a35ca58185f99"},
]

[package.extras]
cov = ["attrs[tests]", "coverage-enable-subprocess", "coverage[toml] (>=5.3)"]
dev = ["attrs[docs,tests]"]
docs = ["furo", "myst-parser", "sphinx", "sphinx-notfound-page", "sphinxcontrib-towncrier", "towncrier", "zope.interface"]
tests = ["attrs[tests-no-zope]", "zope.interface"]
tests-no-zope = ["cloudpickle", "cloudpickle", "hypothesis", "hypothesis", "mypy (>=0.971,<0.990)", "mypy (>=0.971,<0.990)", "pympler", "pympler", "pytest (>=4.3.0)", "pytest (>=4.3.0)", "pytest-mypy-plugins", "pytest-mypy-plugins", "pytest-xdist[psutil]", "pytest-xdist[psutil]"]

[[package]]
name = "black"
version = "22.12.0"
description = "The uncompromising code formatter."
category = "dev"
optional = false
python-versions = ">=3.7"
files = [
    {file = "black-22.12.0-cp310-cp310-manylinux_2_17_x86_64.manylinux2014_x86_64.whl", hash = "sha256:9eedd20838bd5d75b80c9f5487dbcb06836a43833a37846cf1d8c1cc01cef59d"},
    {file = "black-22.12.0-cp310-cp310-win_amd64.whl", hash = "sha256:159a46a4947f73387b4d83e87ea006dbb2337eab6c879620a3ba52699b1f4351"},
    {file = "black-22.12.0-cp311-cp311-manylinux_2_17_x86_64.manylinux2014_x86_64.whl", hash = "sha256:d30b212bffeb1e252b31dd269dfae69dd17e06d92b87ad26e23890f3efea366f"},
    {file = "black-22.12.0-cp311-cp311-win_amd64.whl", hash = "sha256:7412e75863aa5c5411886804678b7d083c7c28421210180d67dfd8cf1221e1f4"},
    {file = "black-22.12.0-cp37-cp37m-manylinux_2_17_x86_64.manylinux2014_x86_64.whl", hash = "sha256:c116eed0efb9ff870ded8b62fe9f28dd61ef6e9ddd28d83d7d264a38417dcee2"},
    {file = "black-22.12.0-cp37-cp37m-win_amd64.whl", hash = "sha256:1f58cbe16dfe8c12b7434e50ff889fa479072096d79f0a7f25e4ab8e94cd8350"},
    {file = "black-22.12.0-cp38-cp38-manylinux_2_17_x86_64.manylinux2014_x86_64.whl", hash = "sha256:77d86c9f3db9b1bf6761244bc0b3572a546f5fe37917a044e02f3166d5aafa7d"},
    {file = "black-22.12.0-cp38-cp38-win_amd64.whl", hash = "sha256:82d9fe8fee3401e02e79767016b4907820a7dc28d70d137eb397b92ef3cc5bfc"},
    {file = "black-22.12.0-cp39-cp39-manylinux_2_17_x86_64.manylinux2014_x86_64.whl", hash = "sha256:101c69b23df9b44247bd88e1d7e90154336ac4992502d4197bdac35dd7ee3320"},
    {file = "black-22.12.0-cp39-cp39-win_amd64.whl", hash = "sha256:559c7a1ba9a006226f09e4916060982fd27334ae1998e7a38b3f33a37f7a2148"},
    {file = "black-22.12.0-py3-none-any.whl", hash = "sha256:436cc9167dd28040ad90d3b404aec22cedf24a6e4d7de221bec2730ec0c97bcf"},
    {file = "black-22.12.0.tar.gz", hash = "sha256:229351e5a18ca30f447bf724d007f890f97e13af070bb6ad4c0a441cd7596a2f"},
]

[package.dependencies]
click = ">=8.0.0"
mypy-extensions = ">=0.4.3"
pathspec = ">=0.9.0"
platformdirs = ">=2"

[package.extras]
colorama = ["colorama (>=0.4.3)"]
d = ["aiohttp (>=3.7.4)"]
jupyter = ["ipython (>=7.8.0)", "tokenize-rt (>=3.2.0)"]
uvloop = ["uvloop (>=0.15.2)"]

[[package]]
name = "click"
version = "8.1.3"
description = "Composable command line interface toolkit"
category = "dev"
optional = false
python-versions = ">=3.7"
files = [
    {file = "click-8.1.3-py3-none-any.whl", hash = "sha256:bb4d8133cb15a609f44e8213d9b391b0809795062913b383c62be0ee95b1db48"},
    {file = "click-8.1.3.tar.gz", hash = "sha256:7682dc8afb30297001674575ea00d1814d808d6a36af415a82bd481d37ba7b8e"},
]

[package.dependencies]
colorama = {version = "*", markers = "platform_system == \"Windows\""}

[[package]]
name = "colorama"
version = "0.4.6"
description = "Cross-platform colored terminal text."
category = "dev"
optional = false
python-versions = "!=3.0.*,!=3.1.*,!=3.2.*,!=3.3.*,!=3.4.*,!=3.5.*,!=3.6.*,>=2.7"
files = [
    {file = "colorama-0.4.6-py2.py3-none-any.whl", hash = "sha256:4f1d9991f5acc0ca119f9d443620b77f9d6b33703e51011c16baf57afb285fc6"},
    {file = "colorama-0.4.6.tar.gz", hash = "sha256:08695f5cb7ed6e0531a20572697297273c47b8cae5a63ffc6d6ed5c201be6e44"},
]

[[package]]
name = "confluent-kafka"
version = "2.0.2"
description = "Confluent's Python client for Apache Kafka"
category = "main"
optional = false
python-versions = "*"
files = [
    {file = "confluent-kafka-2.0.2.tar.gz", hash = "sha256:3b342ea4226ed105ca8bc035b0877e4dc2f115ffda74e3a350f363683356515b"},
    {file = "confluent_kafka-2.0.2-cp310-cp310-macosx_10_9_x86_64.whl", hash = "sha256:bf71b92cb06ca24ef5395f985e6999cfaafa1cc437f4301798706dc88f8c131b"},
    {file = "confluent_kafka-2.0.2-cp310-cp310-macosx_11_0_arm64.whl", hash = "sha256:fd026438cc12372836f7b474e070b71af4b1fb5b45636930893c620336c92f89"},
    {file = "confluent_kafka-2.0.2-cp310-cp310-manylinux_2_17_x86_64.manylinux2014_x86_64.whl", hash = "sha256:b6d3af0cfbd1aa7c57c03ad0e991b18bbb5a1a2067d517214b745dcda53f2f99"},
    {file = "confluent_kafka-2.0.2-cp310-cp310-win32.whl", hash = "sha256:4957a099b896b3088f889f4f45b62c86ce8d86e8f2110b67fb967d80ffc01b26"},
    {file = "confluent_kafka-2.0.2-cp310-cp310-win_amd64.whl", hash = "sha256:cca1d06241cf2f9b70beb60302a3f583d1c2d7f7232750091e6d062cef75971a"},
    {file = "confluent_kafka-2.0.2-cp311-cp311-macosx_10_9_x86_64.whl", hash = "sha256:66730c4a4faca872e9cff458895c139b956741c9fa9b0a226770eca43b616c9b"},
    {file = "confluent_kafka-2.0.2-cp311-cp311-macosx_11_0_arm64.whl", hash = "sha256:a07c49ac59914a5490f2453491be5d9b36f7b24a26ef1a171eb4d3ff50c9aa1c"},
    {file = "confluent_kafka-2.0.2-cp311-cp311-manylinux_2_17_x86_64.manylinux2014_x86_64.whl", hash = "sha256:69f2582420b5c010b64812c0ff1f391d32fbca2f5783f00b19e9f296bbf70202"},
    {file = "confluent_kafka-2.0.2-cp311-cp311-win32.whl", hash = "sha256:cb651eb11bfc5fe66a7b1a5b858049c2cbc4320060161e651da9ecfce43f1158"},
    {file = "confluent_kafka-2.0.2-cp311-cp311-win_amd64.whl", hash = "sha256:2369a1ee740a0e3d7cd50cb1e7715ad56d7d9b561c5925d9d9abc298df1a1eb2"},
    {file = "confluent_kafka-2.0.2-cp36-cp36m-macosx_10_9_x86_64.whl", hash = "sha256:be13fc582129a2944a400dd76d1bf5e1284006cb907f0e0606ba821bc5fe59a8"},
    {file = "confluent_kafka-2.0.2-cp36-cp36m-manylinux_2_17_x86_64.manylinux2014_x86_64.whl", hash = "sha256:6e30da9ff531fea072fb984ec54e56e466587e072d1b386f7bc0b8887b0ae1e1"},
    {file = "confluent_kafka-2.0.2-cp36-cp36m-win32.whl", hash = "sha256:48f397de635a4c3205846dc8d65c1dda38a821b2db300a2e38739383e44cf931"},
    {file = "confluent_kafka-2.0.2-cp36-cp36m-win_amd64.whl", hash = "sha256:a43e40ccc26be0dbdc2772fa8fd1a8422f830e94ffc468f52888040be1669d32"},
    {file = "confluent_kafka-2.0.2-cp37-cp37m-macosx_10_9_x86_64.whl", hash = "sha256:634f1a78a99fa48fe86748b30f5cc96166e0082bbc169697807a448f4e01175c"},
    {file = "confluent_kafka-2.0.2-cp37-cp37m-manylinux_2_17_x86_64.manylinux2014_x86_64.whl", hash = "sha256:89801e255aad013b5305285811ad32c00010c29ce07e10c10eefee8ddd1dcfe0"},
    {file = "confluent_kafka-2.0.2-cp37-cp37m-win32.whl", hash = "sha256:0a39a1a63fcaa4e029e5afb676664b5328b71756d91dc27cfa3f2121b128b95a"},
    {file = "confluent_kafka-2.0.2-cp37-cp37m-win_amd64.whl", hash = "sha256:608b100f2fcd4f2ede2e7bdf966bcee799218c1d9da5d87e7a1bae21aa0a8e35"},
    {file = "confluent_kafka-2.0.2-cp38-cp38-macosx_10_9_x86_64.whl", hash = "sha256:0b72a086dd3f14f4bb8b97b3b7b62325ed2a1389f11d4acbd56b298615133395"},
    {file = "confluent_kafka-2.0.2-cp38-cp38-macosx_11_0_arm64.whl", hash = "sha256:50c3074df49be6d0e39532c099fd3f2a2f3c71652cb4cc37082e8382d3da2a22"},
    {file = "confluent_kafka-2.0.2-cp38-cp38-manylinux_2_17_x86_64.manylinux2014_x86_64.whl", hash = "sha256:5c89117d983b13746185713b4f1151e29bb467377b570301c1db5807d2eca567"},
    {file = "confluent_kafka-2.0.2-cp38-cp38-win32.whl", hash = "sha256:f2ac3554429be8ea26e16d83a33cd69ad38a3b6b4d5411beb245d928e4562994"},
    {file = "confluent_kafka-2.0.2-cp38-cp38-win_amd64.whl", hash = "sha256:470b3618259761616999915029d2cb24066657ecb864b7e1558e59cf2e8f748d"},
    {file = "confluent_kafka-2.0.2-cp39-cp39-macosx_10_9_x86_64.whl", hash = "sha256:d2d66c413ee810abd22253dae770365a89b4a4e9d99645724793c85a0c7e286b"},
    {file = "confluent_kafka-2.0.2-cp39-cp39-macosx_11_0_arm64.whl", hash = "sha256:6fac92f55ed526188bf38ec718251cc4b301c4dd2f97f786f8b08d64e459f10f"},
    {file = "confluent_kafka-2.0.2-cp39-cp39-manylinux_2_17_x86_64.manylinux2014_x86_64.whl", hash = "sha256:b89f96743829775c89b902b16cdc3189ff3c6a86b27fc713c73523d461c87d7a"},
    {file = "confluent_kafka-2.0.2-cp39-cp39-win32.whl", hash = "sha256:25ff4b322ce62f50402a3120c4b9eb73a093a80d829c3f0b11de12d85262b99b"},
    {file = "confluent_kafka-2.0.2-cp39-cp39-win_amd64.whl", hash = "sha256:23fbaa99cda5ae04ac9249236c581e6b1856624e5abd7ec88d9faf7ec18046fb"},
]

[package.extras]
avro = ["avro (>=1.11.1,<2)", "fastavro (>=0.23.0,<1.0)", "fastavro (>=1.0)", "requests"]
dev = ["avro (>=1.11.1,<2)", "fastavro (>=0.23.0,<1.0)", "fastavro (>=1.0)", "flake8", "pytest", "pytest (==4.6.4)", "pytest-timeout", "requests"]
doc = ["avro (>=1.11.1,<2)", "fastavro (>=0.23.0,<1.0)", "fastavro (>=1.0)", "requests", "sphinx", "sphinx-rtd-theme"]
json = ["jsonschema", "pyrsistent", "pyrsistent (==0.16.1)", "requests"]
protobuf = ["protobuf", "requests"]
schema-registry = ["requests"]

[[package]]
name = "darglint"
version = "1.8.1"
description = "A utility for ensuring Google-style docstrings stay up to date with the source code."
category = "dev"
optional = false
python-versions = ">=3.6,<4.0"
files = [
    {file = "darglint-1.8.1-py3-none-any.whl", hash = "sha256:5ae11c259c17b0701618a20c3da343a3eb98b3bc4b5a83d31cdd94f5ebdced8d"},
    {file = "darglint-1.8.1.tar.gz", hash = "sha256:080d5106df149b199822e7ee7deb9c012b49891538f14a11be681044f0bb20da"},
]

[[package]]
name = "iniconfig"
version = "2.0.0"
description = "brain-dead simple config-ini parsing"
category = "dev"
optional = false
python-versions = ">=3.7"
files = [
    {file = "iniconfig-2.0.0-py3-none-any.whl", hash = "sha256:b6a85871a79d2e3b22d2d1b94ac2824226a63c6b741c88f7ae975f18b6778374"},
    {file = "iniconfig-2.0.0.tar.gz", hash = "sha256:2d91e135bf72d31a410b17c16da610a82cb55f6b0477d1a902134b24a455b8b3"},
]

[[package]]
name = "isort"
version = "5.12.0"
description = "A Python utility / library to sort Python imports."
category = "dev"
optional = false
python-versions = ">=3.8.0"
files = [
    {file = "isort-5.12.0-py3-none-any.whl", hash = "sha256:f84c2818376e66cf843d497486ea8fed8700b340f308f076c6fb1229dff318b6"},
    {file = "isort-5.12.0.tar.gz", hash = "sha256:8bef7dde241278824a6d83f44a544709b065191b95b6e50894bdc722fcba0504"},
]

[package.extras]
colors = ["colorama (>=0.4.3)"]
pipfile-deprecated-finder = ["pip-shims (>=0.5.2)", "pipreqs", "requirementslib"]
plugins = ["setuptools"]
requirements-deprecated-finder = ["pip-api", "pipreqs"]

[[package]]
name = "mypy-extensions"
version = "1.0.0"
description = "Type system extensions for programs checked with the mypy type checker."
category = "dev"
optional = false
python-versions = ">=3.5"
files = [
    {file = "mypy_extensions-1.0.0-py3-none-any.whl", hash = "sha256:4392f6c0eb8a5668a69e23d168ffa70f0be9ccfd32b5cc2d26a34ae5b844552d"},
    {file = "mypy_extensions-1.0.0.tar.gz", hash = "sha256:75dbf8955dc00442a438fc4d0666508a9a97b6bd41aa2f0ffe9d2f2725af0782"},
]

[[package]]
name = "nodeenv"
version = "1.7.0"
description = "Node.js virtual environment builder"
category = "dev"
optional = false
python-versions = ">=2.7,!=3.0.*,!=3.1.*,!=3.2.*,!=3.3.*,!=3.4.*,!=3.5.*,!=3.6.*"
files = [
    {file = "nodeenv-1.7.0-py2.py3-none-any.whl", hash = "sha256:27083a7b96a25f2f5e1d8cb4b6317ee8aeda3bdd121394e5ac54e498028a042e"},
    {file = "nodeenv-1.7.0.tar.gz", hash = "sha256:e0e7f7dfb85fc5394c6fe1e8fa98131a2473e04311a45afb6508f7cf1836fa2b"},
]

[package.dependencies]
setuptools = "*"

[[package]]
name = "packaging"
version = "23.0"
description = "Core utilities for Python packages"
category = "dev"
optional = false
python-versions = ">=3.7"
files = [
    {file = "packaging-23.0-py3-none-any.whl", hash = "sha256:714ac14496c3e68c99c29b00845f7a2b85f3bb6f1078fd9f72fd20f0570002b2"},
    {file = "packaging-23.0.tar.gz", hash = "sha256:b6ad297f8907de0fa2fe1ccbd26fdaf387f5f47c7275fedf8cce89f99446cf97"},
]

[[package]]
name = "pathspec"
version = "0.11.0"
description = "Utility library for gitignore style pattern matching of file paths."
category = "dev"
optional = false
python-versions = ">=3.7"
files = [
    {file = "pathspec-0.11.0-py3-none-any.whl", hash = "sha256:3a66eb970cbac598f9e5ccb5b2cf58930cd8e3ed86d393d541eaf2d8b1705229"},
    {file = "pathspec-0.11.0.tar.gz", hash = "sha256:64d338d4e0914e91c1792321e6907b5a593f1ab1851de7fc269557a21b30ebbc"},
]

[[package]]
name = "platformdirs"
version = "2.6.2"
description = "A small Python package for determining appropriate platform-specific dirs, e.g. a \"user data dir\"."
category = "dev"
optional = false
python-versions = ">=3.7"
files = [
    {file = "platformdirs-2.6.2-py3-none-any.whl", hash = "sha256:83c8f6d04389165de7c9b6f0c682439697887bca0aa2f1c87ef1826be3584490"},
    {file = "platformdirs-2.6.2.tar.gz", hash = "sha256:e1fea1fe471b9ff8332e229df3cb7de4f53eeea4998d3b6bfff542115e998bd2"},
]

[package.extras]
docs = ["furo (>=2022.12.7)", "proselint (>=0.13)", "sphinx (>=5.3)", "sphinx-autodoc-typehints (>=1.19.5)"]
test = ["appdirs (==1.4.4)", "covdefaults (>=2.2.2)", "pytest (>=7.2)", "pytest-cov (>=4)", "pytest-mock (>=3.10)"]

[[package]]
name = "pluggy"
version = "1.0.0"
description = "plugin and hook calling mechanisms for python"
category = "dev"
optional = false
python-versions = ">=3.6"
files = [
    {file = "pluggy-1.0.0-py2.py3-none-any.whl", hash = "sha256:74134bbf457f031a36d68416e1509f34bd5ccc019f0bcc952c7b909d06b37bd3"},
    {file = "pluggy-1.0.0.tar.gz", hash = "sha256:4224373bacce55f955a878bf9cfa763c1e360858e330072059e10bad68531159"},
]

[package.extras]
dev = ["pre-commit", "tox"]
testing = ["pytest", "pytest-benchmark"]

[[package]]
name = "pydantic"
version = "1.10.4"
description = "Data validation and settings management using python type hints"
category = "main"
optional = false
python-versions = ">=3.7"
files = [
    {file = "pydantic-1.10.4-cp310-cp310-macosx_10_9_x86_64.whl", hash = "sha256:b5635de53e6686fe7a44b5cf25fcc419a0d5e5c1a1efe73d49d48fe7586db854"},
    {file = "pydantic-1.10.4-cp310-cp310-macosx_11_0_arm64.whl", hash = "sha256:6dc1cc241440ed7ca9ab59d9929075445da6b7c94ced281b3dd4cfe6c8cff817"},
    {file = "pydantic-1.10.4-cp310-cp310-manylinux_2_17_x86_64.manylinux2014_x86_64.whl", hash = "sha256:51bdeb10d2db0f288e71d49c9cefa609bca271720ecd0c58009bd7504a0c464c"},
    {file = "pydantic-1.10.4-cp310-cp310-manylinux_2_5_i686.manylinux1_i686.manylinux_2_17_i686.manylinux2014_i686.whl", hash = "sha256:78cec42b95dbb500a1f7120bdf95c401f6abb616bbe8785ef09887306792e66e"},
    {file = "pydantic-1.10.4-cp310-cp310-musllinux_1_1_i686.whl", hash = "sha256:8775d4ef5e7299a2f4699501077a0defdaac5b6c4321173bcb0f3c496fbadf85"},
    {file = "pydantic-1.10.4-cp310-cp310-musllinux_1_1_x86_64.whl", hash = "sha256:572066051eeac73d23f95ba9a71349c42a3e05999d0ee1572b7860235b850cc6"},
    {file = "pydantic-1.10.4-cp310-cp310-win_amd64.whl", hash = "sha256:7feb6a2d401f4d6863050f58325b8d99c1e56f4512d98b11ac64ad1751dc647d"},
    {file = "pydantic-1.10.4-cp311-cp311-macosx_10_9_x86_64.whl", hash = "sha256:39f4a73e5342b25c2959529f07f026ef58147249f9b7431e1ba8414a36761f53"},
    {file = "pydantic-1.10.4-cp311-cp311-macosx_11_0_arm64.whl", hash = "sha256:983e720704431a6573d626b00662eb78a07148c9115129f9b4351091ec95ecc3"},
    {file = "pydantic-1.10.4-cp311-cp311-manylinux_2_17_x86_64.manylinux2014_x86_64.whl", hash = "sha256:75d52162fe6b2b55964fbb0af2ee58e99791a3138588c482572bb6087953113a"},
    {file = "pydantic-1.10.4-cp311-cp311-manylinux_2_5_i686.manylinux1_i686.manylinux_2_17_i686.manylinux2014_i686.whl", hash = "sha256:fdf8d759ef326962b4678d89e275ffc55b7ce59d917d9f72233762061fd04a2d"},
    {file = "pydantic-1.10.4-cp311-cp311-musllinux_1_1_i686.whl", hash = "sha256:05a81b006be15655b2a1bae5faa4280cf7c81d0e09fcb49b342ebf826abe5a72"},
    {file = "pydantic-1.10.4-cp311-cp311-musllinux_1_1_x86_64.whl", hash = "sha256:d88c4c0e5c5dfd05092a4b271282ef0588e5f4aaf345778056fc5259ba098857"},
    {file = "pydantic-1.10.4-cp311-cp311-win_amd64.whl", hash = "sha256:6a05a9db1ef5be0fe63e988f9617ca2551013f55000289c671f71ec16f4985e3"},
    {file = "pydantic-1.10.4-cp37-cp37m-macosx_10_9_x86_64.whl", hash = "sha256:887ca463c3bc47103c123bc06919c86720e80e1214aab79e9b779cda0ff92a00"},
    {file = "pydantic-1.10.4-cp37-cp37m-manylinux_2_17_x86_64.manylinux2014_x86_64.whl", hash = "sha256:fdf88ab63c3ee282c76d652fc86518aacb737ff35796023fae56a65ced1a5978"},
    {file = "pydantic-1.10.4-cp37-cp37m-manylinux_2_5_i686.manylinux1_i686.manylinux_2_17_i686.manylinux2014_i686.whl", hash = "sha256:a48f1953c4a1d9bd0b5167ac50da9a79f6072c63c4cef4cf2a3736994903583e"},
    {file = "pydantic-1.10.4-cp37-cp37m-musllinux_1_1_i686.whl", hash = "sha256:a9f2de23bec87ff306aef658384b02aa7c32389766af3c5dee9ce33e80222dfa"},
    {file = "pydantic-1.10.4-cp37-cp37m-musllinux_1_1_x86_64.whl", hash = "sha256:cd8702c5142afda03dc2b1ee6bc358b62b3735b2cce53fc77b31ca9f728e4bc8"},
    {file = "pydantic-1.10.4-cp37-cp37m-win_amd64.whl", hash = "sha256:6e7124d6855b2780611d9f5e1e145e86667eaa3bd9459192c8dc1a097f5e9903"},
    {file = "pydantic-1.10.4-cp38-cp38-macosx_10_9_x86_64.whl", hash = "sha256:0b53e1d41e97063d51a02821b80538053ee4608b9a181c1005441f1673c55423"},
    {file = "pydantic-1.10.4-cp38-cp38-macosx_11_0_arm64.whl", hash = "sha256:55b1625899acd33229c4352ce0ae54038529b412bd51c4915349b49ca575258f"},
    {file = "pydantic-1.10.4-cp38-cp38-manylinux_2_17_x86_64.manylinux2014_x86_64.whl", hash = "sha256:301d626a59edbe5dfb48fcae245896379a450d04baeed50ef40d8199f2733b06"},
    {file = "pydantic-1.10.4-cp38-cp38-manylinux_2_5_i686.manylinux1_i686.manylinux_2_17_i686.manylinux2014_i686.whl", hash = "sha256:b6f9d649892a6f54a39ed56b8dfd5e08b5f3be5f893da430bed76975f3735d15"},
    {file = "pydantic-1.10.4-cp38-cp38-musllinux_1_1_i686.whl", hash = "sha256:d7b5a3821225f5c43496c324b0d6875fde910a1c2933d726a743ce328fbb2a8c"},
    {file = "pydantic-1.10.4-cp38-cp38-musllinux_1_1_x86_64.whl", hash = "sha256:f2f7eb6273dd12472d7f218e1fef6f7c7c2f00ac2e1ecde4db8824c457300416"},
    {file = "pydantic-1.10.4-cp38-cp38-win_amd64.whl", hash = "sha256:4b05697738e7d2040696b0a66d9f0a10bec0efa1883ca75ee9e55baf511909d6"},
    {file = "pydantic-1.10.4-cp39-cp39-macosx_10_9_x86_64.whl", hash = "sha256:a9a6747cac06c2beb466064dda999a13176b23535e4c496c9d48e6406f92d42d"},
    {file = "pydantic-1.10.4-cp39-cp39-macosx_11_0_arm64.whl", hash = "sha256:eb992a1ef739cc7b543576337bebfc62c0e6567434e522e97291b251a41dad7f"},
    {file = "pydantic-1.10.4-cp39-cp39-manylinux_2_17_x86_64.manylinux2014_x86_64.whl", hash = "sha256:990406d226dea0e8f25f643b370224771878142155b879784ce89f633541a024"},
    {file = "pydantic-1.10.4-cp39-cp39-manylinux_2_5_i686.manylinux1_i686.manylinux_2_17_i686.manylinux2014_i686.whl", hash = "sha256:2e82a6d37a95e0b1b42b82ab340ada3963aea1317fd7f888bb6b9dfbf4fff57c"},
    {file = "pydantic-1.10.4-cp39-cp39-musllinux_1_1_i686.whl", hash = "sha256:9193d4f4ee8feca58bc56c8306bcb820f5c7905fd919e0750acdeeeef0615b28"},
    {file = "pydantic-1.10.4-cp39-cp39-musllinux_1_1_x86_64.whl", hash = "sha256:2b3ce5f16deb45c472dde1a0ee05619298c864a20cded09c4edd820e1454129f"},
    {file = "pydantic-1.10.4-cp39-cp39-win_amd64.whl", hash = "sha256:9cbdc268a62d9a98c56e2452d6c41c0263d64a2009aac69246486f01b4f594c4"},
    {file = "pydantic-1.10.4-py3-none-any.whl", hash = "sha256:4948f264678c703f3877d1c8877c4e3b2e12e549c57795107f08cf70c6ec7774"},
    {file = "pydantic-1.10.4.tar.gz", hash = "sha256:b9a3859f24eb4e097502a3be1fb4b2abb79b6103dd9e2e0edb70613a4459a648"},
]

[package.dependencies]
typing-extensions = ">=4.2.0"

[package.extras]
dotenv = ["python-dotenv (>=0.10.4)"]
email = ["email-validator (>=1.0.3)"]

[[package]]
name = "pyright"
version = "1.1.292"
description = "Command line wrapper for pyright"
category = "dev"
optional = false
python-versions = ">=3.7"
files = [
    {file = "pyright-1.1.292-py3-none-any.whl", hash = "sha256:23d1f14b15afe38bb7a7117b9861ad0546aff078da312d294e60a727445c23ff"},
    {file = "pyright-1.1.292.tar.gz", hash = "sha256:035ea1af6fabfdcc80c0afb545f677bd377114157d69779cce2a642ff894e51c"},
]

[package.dependencies]
nodeenv = ">=1.6.0"

[package.extras]
all = ["twine (>=3.4.1)"]
dev = ["twine (>=3.4.1)"]

[[package]]
name = "pytest"
version = "7.2.1"
description = "pytest: simple powerful testing with Python"
category = "dev"
optional = false
python-versions = ">=3.7"
files = [
    {file = "pytest-7.2.1-py3-none-any.whl", hash = "sha256:c7c6ca206e93355074ae32f7403e8ea12163b1163c976fee7d4d84027c162be5"},
    {file = "pytest-7.2.1.tar.gz", hash = "sha256:d45e0952f3727241918b8fd0f376f5ff6b301cc0777c6f9a556935c92d8a7d42"},
]

[package.dependencies]
attrs = ">=19.2.0"
colorama = {version = "*", markers = "sys_platform == \"win32\""}
iniconfig = "*"
packaging = "*"
pluggy = ">=0.12,<2.0"

[package.extras]
testing = ["argcomplete", "hypothesis (>=3.56)", "mock", "nose", "pygments (>=2.7.2)", "requests", "xmlschema"]

[[package]]
name = "setuptools"
version = "67.1.0"
description = "Easily download, build, install, upgrade, and uninstall Python packages"
category = "dev"
optional = false
python-versions = ">=3.7"
files = [
    {file = "setuptools-67.1.0-py3-none-any.whl", hash = "sha256:a7687c12b444eaac951ea87a9627c4f904ac757e7abdc5aac32833234af90378"},
    {file = "setuptools-67.1.0.tar.gz", hash = "sha256:e261cdf010c11a41cb5cb5f1bf3338a7433832029f559a6a7614bd42a967c300"},
]

[package.extras]
docs = ["furo", "jaraco.packaging (>=9)", "jaraco.tidelift (>=1.4)", "pygments-github-lexers (==0.0.5)", "rst.linker (>=1.9)", "sphinx (>=3.5)", "sphinx-favicon", "sphinx-hoverxref (<2)", "sphinx-inline-tabs", "sphinx-lint", "sphinx-notfound-page (==0.8.3)", "sphinx-reredirects", "sphinxcontrib-towncrier"]
testing = ["build[virtualenv]", "filelock (>=3.4.0)", "flake8 (<5)", "flake8-2020", "ini2toml[lite] (>=0.9)", "jaraco.envs (>=2.2)", "jaraco.path (>=3.2.0)", "pip (>=19.1)", "pip-run (>=8.8)", "pytest (>=6)", "pytest-black (>=0.3.7)", "pytest-checkdocs (>=2.4)", "pytest-cov", "pytest-enabler (>=1.3)", "pytest-flake8", "pytest-mypy (>=0.9.1)", "pytest-perf", "pytest-timeout", "pytest-xdist", "tomli-w (>=1.0.0)", "virtualenv (>=13.0.0)", "wheel"]
testing-integration = ["build[virtualenv]", "filelock (>=3.4.0)", "jaraco.envs (>=2.2)", "jaraco.path (>=3.2.0)", "pytest", "pytest-enabler", "pytest-xdist", "tomli", "virtualenv (>=13.0.0)", "wheel"]

[[package]]
name = "ssort"
version = "0.11.6"
description = "The python statement sorter"
category = "dev"
optional = false
python-versions = ">=3.8"
files = [
    {file = "ssort-0.11.6.tar.gz", hash = "sha256:21fec493487f32dff50d30efa5b6aad18286e9817600b64bfe686ae062bae7ae"},
]

[package.dependencies]
pathspec = ">=0.9.0"

[[package]]
name = "typing-extensions"
version = "4.4.0"
description = "Backported and Experimental Type Hints for Python 3.7+"
category = "main"
optional = false
python-versions = ">=3.7"
files = [
    {file = "typing_extensions-4.4.0-py3-none-any.whl", hash = "sha256:16fa4864408f655d35ec496218b85f79b3437c829e93320c7c9215ccfd92489e"},
    {file = "typing_extensions-4.4.0.tar.gz", hash = "sha256:1511434bb92bf8dd198c12b1cc812e800d4181cfcb867674e0f8279cc93087aa"},
]

[metadata]
lock-version = "2.0"
python-versions = "^3.11"
content-hash = "6501e5909118aea44a5d446c4d2095eb21477e876500133e0ee1116029c95a10"
